
Microsoft Visual Studio Solution File, Format Version 12.00
# Visual Studio Version 16
VisualStudioVersion = 16.0.30523.141
MinimumVisualStudioVersion = 10.0.40219.1
Project("{8BC9CEB8-8B4A-11D0-8D11-00A0C91BC942}") = "Sandbox", "Sandbox\Sandbox.vcxproj", "{DBB86052-A46E-4199-9991-702E0A54761A}"
EndProject
Project("{8BC9CEB8-8B4A-11D0-8D11-00A0C91BC942}") = "Hazel", "Hazel\Hazel.vcxproj", "{CDAB9B1C-5E96-409A-BAA0-FEB10D604BE4}"
EndProject
Global
	GlobalSection(SolutionConfigurationPlatforms) = preSolution
		Debug|x64 = Debug|x64
		Release|x64 = Release|x64
	EndGlobalSection
	GlobalSection(ProjectConfigurationPlatforms) = postSolution
		{CDAB9B1C-5E96-409A-BAA0-FEB10D604BE4}.Debug|x64.ActiveCfg = Debug|x64
		{CDAB9B1C-5E96-409A-BAA0-FEB10D604BE4}.Debug|x64.Build.0 = Debug|x64
		{CDAB9B1C-5E96-409A-BAA0-FEB10D604BE4}.Release|x64.ActiveCfg = Release|x64
		{CDAB9B1C-5E96-409A-BAA0-FEB10D604BE4}.Release|x64.Build.0 = Release|x64
		{DBB86052-A46E-4199-9991-702E0A54761A}.Debug|x64.ActiveCfg = Debug|x64
		{DBB86052-A46E-4199-9991-702E0A54761A}.Debug|x64.Build.0 = Debug|x64
		{DBB86052-A46E-4199-9991-702E0A54761A}.Release|x64.ActiveCfg = Release|x64
		{DBB86052-A46E-4199-9991-702E0A54761A}.Release|x64.Build.0 = Release|x64
	EndGlobalSection
	GlobalSection(SolutionProperties) = preSolution
		HideSolutionNode = FALSE
	EndGlobalSection
	GlobalSection(ExtensibilityGlobals) = postSolution
		SolutionGuid = {5FA54FF2-E5CF-4BB3-B414-76E3F6869F86}
	EndGlobalSection
EndGlobal
